
Microsoft Visual Studio Solution File, Format Version 12.00
# Visual Studio Version 16
VisualStudioVersion = 16.0.810.21
MinimumVisualStudioVersion = 10.0.40219.1
Project("{FAE04EC0-301F-11D3-BF4B-00C04F79EFBC}") = "Element_app.Android", "Element_app.Android\Element_app.Android.csproj", "{FF1C4A5C-FAEF-4597-AAE6-4D9045127426}"
EndProject
Project("{FAE04EC0-301F-11D3-BF4B-00C04F79EFBC}") = "Element_app.iOS", "Element_app.iOS\Element_app.iOS.csproj", "{30145B0D-D517-4A34-B2D9-A60B3C4DE041}"
EndProject
Project("{FAE04EC0-301F-11D3-BF4B-00C04F79EFBC}") = "Element_app", "Element_app\Element_app.csproj", "{9BCCFC53-7BEB-4819-A70D-45CB32AB4B65}"
EndProject
Global
	GlobalSection(SolutionConfigurationPlatforms) = preSolution
		Debug|Any CPU = Debug|Any CPU
		Release|Any CPU = Release|Any CPU
		Debug|iPhoneSimulator = Debug|iPhoneSimulator
		Release|iPhoneSimulator = Release|iPhoneSimulator
		Debug|iPhone = Debug|iPhone
		Release|iPhone = Release|iPhone
	EndGlobalSection
	GlobalSection(ProjectConfigurationPlatforms) = postSolution
		{FF1C4A5C-FAEF-4597-AAE6-4D9045127426}.Debug|Any CPU.ActiveCfg = Debug|Any CPU
		{FF1C4A5C-FAEF-4597-AAE6-4D9045127426}.Debug|Any CPU.Build.0 = Debug|Any CPU
		{FF1C4A5C-FAEF-4597-AAE6-4D9045127426}.Release|Any CPU.ActiveCfg = Release|Any CPU
		{FF1C4A5C-FAEF-4597-AAE6-4D9045127426}.Release|Any CPU.Build.0 = Release|Any CPU
		{FF1C4A5C-FAEF-4597-AAE6-4D9045127426}.Debug|iPhoneSimulator.ActiveCfg = Debug|Any CPU
		{FF1C4A5C-FAEF-4597-AAE6-4D9045127426}.Debug|iPhoneSimulator.Build.0 = Debug|Any CPU
		{FF1C4A5C-FAEF-4597-AAE6-4D9045127426}.Release|iPhoneSimulator.ActiveCfg = Release|Any CPU
		{FF1C4A5C-FAEF-4597-AAE6-4D9045127426}.Release|iPhoneSimulator.Build.0 = Release|Any CPU
		{FF1C4A5C-FAEF-4597-AAE6-4D9045127426}.Debug|iPhone.ActiveCfg = Debug|Any CPU
		{FF1C4A5C-FAEF-4597-AAE6-4D9045127426}.Debug|iPhone.Build.0 = Debug|Any CPU
		{FF1C4A5C-FAEF-4597-AAE6-4D9045127426}.Release|iPhone.ActiveCfg = Release|Any CPU
		{FF1C4A5C-FAEF-4597-AAE6-4D9045127426}.Release|iPhone.Build.0 = Release|Any CPU
		{30145B0D-D517-4A34-B2D9-A60B3C4DE041}.Debug|Any CPU.ActiveCfg = Debug|iPhoneSimulator
		{30145B0D-D517-4A34-B2D9-A60B3C4DE041}.Debug|Any CPU.Build.0 = Debug|iPhoneSimulator
		{30145B0D-D517-4A34-B2D9-A60B3C4DE041}.Release|Any CPU.ActiveCfg = Release|iPhoneSimulator
		{30145B0D-D517-4A34-B2D9-A60B3C4DE041}.Release|Any CPU.Build.0 = Release|iPhoneSimulator
		{30145B0D-D517-4A34-B2D9-A60B3C4DE041}.Debug|iPhoneSimulator.ActiveCfg = Debug|iPhoneSimulator
		{30145B0D-D517-4A34-B2D9-A60B3C4DE041}.Debug|iPhoneSimulator.Build.0 = Debug|iPhoneSimulator
		{30145B0D-D517-4A34-B2D9-A60B3C4DE041}.Release|iPhoneSimulator.ActiveCfg = Release|iPhoneSimulator
		{30145B0D-D517-4A34-B2D9-A60B3C4DE041}.Release|iPhoneSimulator.Build.0 = Release|iPhoneSimulator
		{30145B0D-D517-4A34-B2D9-A60B3C4DE041}.Debug|iPhone.ActiveCfg = Debug|iPhone
		{30145B0D-D517-4A34-B2D9-A60B3C4DE041}.Debug|iPhone.Build.0 = Debug|iPhone
		{30145B0D-D517-4A34-B2D9-A60B3C4DE041}.Release|iPhone.ActiveCfg = Release|iPhone
		{30145B0D-D517-4A34-B2D9-A60B3C4DE041}.Release|iPhone.Build.0 = Release|iPhone
		{9BCCFC53-7BEB-4819-A70D-45CB32AB4B65}.Debug|Any CPU.ActiveCfg = Debug|Any CPU
		{9BCCFC53-7BEB-4819-A70D-45CB32AB4B65}.Debug|Any CPU.Build.0 = Debug|Any CPU
		{9BCCFC53-7BEB-4819-A70D-45CB32AB4B65}.Release|Any CPU.ActiveCfg = Release|Any CPU
		{9BCCFC53-7BEB-4819-A70D-45CB32AB4B65}.Release|Any CPU.Build.0 = Release|Any CPU
		{9BCCFC53-7BEB-4819-A70D-45CB32AB4B65}.Debug|iPhoneSimulator.ActiveCfg = Debug|Any CPU
		{9BCCFC53-7BEB-4819-A70D-45CB32AB4B65}.Debug|iPhoneSimulator.Build.0 = Debug|Any CPU
		{9BCCFC53-7BEB-4819-A70D-45CB32AB4B65}.Release|iPhoneSimulator.ActiveCfg = Release|Any CPU
		{9BCCFC53-7BEB-4819-A70D-45CB32AB4B65}.Release|iPhoneSimulator.Build.0 = Release|Any CPU
		{9BCCFC53-7BEB-4819-A70D-45CB32AB4B65}.Debug|iPhone.ActiveCfg = Debug|Any CPU
		{9BCCFC53-7BEB-4819-A70D-45CB32AB4B65}.Debug|iPhone.Build.0 = Debug|Any CPU
		{9BCCFC53-7BEB-4819-A70D-45CB32AB4B65}.Release|iPhone.ActiveCfg = Release|Any CPU
		{9BCCFC53-7BEB-4819-A70D-45CB32AB4B65}.Release|iPhone.Build.0 = Release|Any CPU
	EndGlobalSection
	GlobalSection(SolutionProperties) = preSolution
		HideSolutionNode = FALSE
	EndGlobalSection
	GlobalSection(ExtensibilityGlobals) = postSolution
		SolutionGuid = {1EDAD435-2341-4A20-93E4-661EF383F75D}
	EndGlobalSection
EndGlobal
